// !$*UTF8*$!
{
	archiveVersion = 1;
	classes = {
	};
	objectVersion = 52;
	objects = {

/* Begin PBXBuildFile section */
		4311EA092415390F003462F8 /* UIViewController+Extentions.swift in Sources */ = {isa = PBXBuildFile; fileRef = 4311EA082415390F003462F8 /* UIViewController+Extentions.swift */; };
		436708972413CC62006D9563 /* AppDelegate.swift in Sources */ = {isa = PBXBuildFile; fileRef = 436708962413CC62006D9563 /* AppDelegate.swift */; };
		436708992413CC62006D9563 /* SceneDelegate.swift in Sources */ = {isa = PBXBuildFile; fileRef = 436708982413CC62006D9563 /* SceneDelegate.swift */; };
		436708A02413CC64006D9563 /* Assets.xcassets in Resources */ = {isa = PBXBuildFile; fileRef = 4367089F2413CC64006D9563 /* Assets.xcassets */; };
		436708A32413CC64006D9563 /* LaunchScreen.storyboard in Resources */ = {isa = PBXBuildFile; fileRef = 436708A12413CC64006D9563 /* LaunchScreen.storyboard */; };
		436708AD2413CFA2006D9563 /* MainViewController.swift in Sources */ = {isa = PBXBuildFile; fileRef = 436708AB2413CFA2006D9563 /* MainViewController.swift */; };
		436708AE2413CFA2006D9563 /* MainViewController.xib in Resources */ = {isa = PBXBuildFile; fileRef = 436708AC2413CFA2006D9563 /* MainViewController.xib */; };
		436708B22413D15F006D9563 /* NetworkManager.swift in Sources */ = {isa = PBXBuildFile; fileRef = 436708B12413D15F006D9563 /* NetworkManager.swift */; };
		436708B62413D458006D9563 /* MainCustomTableViewCell.swift in Sources */ = {isa = PBXBuildFile; fileRef = 436708B42413D458006D9563 /* MainCustomTableViewCell.swift */; };
		436708B72413D458006D9563 /* MainCustomTableViewCell.xib in Resources */ = {isa = PBXBuildFile; fileRef = 436708B52413D458006D9563 /* MainCustomTableViewCell.xib */; };
		436708B92413D47A006D9563 /* ClassNaming.swift in Sources */ = {isa = PBXBuildFile; fileRef = 436708B82413D47A006D9563 /* ClassNaming.swift */; };
		436708BB2413D735006D9563 /* Constants.swift in Sources */ = {isa = PBXBuildFile; fileRef = 436708BA2413D735006D9563 /* Constants.swift */; };
		436708BD2413D898006D9563 /* UserModel.swift in Sources */ = {isa = PBXBuildFile; fileRef = 436708BC2413D898006D9563 /* UserModel.swift */; };
		43AB9F822413F82D0099B911 /* SDWebImage in Frameworks */ = {isa = PBXBuildFile; productRef = 43AB9F812413F82D0099B911 /* SDWebImage */; };
		43AB9F842413F8600099B911 /* ImageLoader.swift in Sources */ = {isa = PBXBuildFile; fileRef = 43AB9F832413F8600099B911 /* ImageLoader.swift */; };
		43AB9F882413FD2A0099B911 /* UserInfoViewController.swift in Sources */ = {isa = PBXBuildFile; fileRef = 43AB9F862413FD2A0099B911 /* UserInfoViewController.swift */; };
		43AB9F892413FD2A0099B911 /* UserInfoViewController.xib in Resources */ = {isa = PBXBuildFile; fileRef = 43AB9F872413FD2A0099B911 /* UserInfoViewController.xib */; };
/* End PBXBuildFile section */

/* Begin PBXFileReference section */
		4311EA082415390F003462F8 /* UIViewController+Extentions.swift */ = {isa = PBXFileReference; fileEncoding = 4; lastKnownFileType = sourcecode.swift; path = "UIViewController+Extentions.swift"; sourceTree = "<group>"; };
		436708932413CC62006D9563 /* RandomUser.app */ = {isa = PBXFileReference; explicitFileType = wrapper.application; includeInIndex = 0; path = RandomUser.app; sourceTree = BUILT_PRODUCTS_DIR; };
		436708962413CC62006D9563 /* AppDelegate.swift */ = {isa = PBXFileReference; lastKnownFileType = sourcecode.swift; path = AppDelegate.swift; sourceTree = "<group>"; };
		436708982413CC62006D9563 /* SceneDelegate.swift */ = {isa = PBXFileReference; lastKnownFileType = sourcecode.swift; path = SceneDelegate.swift; sourceTree = "<group>"; };
		4367089F2413CC64006D9563 /* Assets.xcassets */ = {isa = PBXFileReference; lastKnownFileType = folder.assetcatalog; path = Assets.xcassets; sourceTree = "<group>"; };
		436708A22413CC64006D9563 /* Base */ = {isa = PBXFileReference; lastKnownFileType = file.storyboard; name = Base; path = Base.lproj/LaunchScreen.storyboard; sourceTree = "<group>"; };
		436708A42413CC64006D9563 /* Info.plist */ = {isa = PBXFileReference; lastKnownFileType = text.plist.xml; path = Info.plist; sourceTree = "<group>"; };
		436708AB2413CFA2006D9563 /* MainViewController.swift */ = {isa = PBXFileReference; lastKnownFileType = sourcecode.swift; path = MainViewController.swift; sourceTree = "<group>"; };
		436708AC2413CFA2006D9563 /* MainViewController.xib */ = {isa = PBXFileReference; lastKnownFileType = file.xib; path = MainViewController.xib; sourceTree = "<group>"; };
		436708B12413D15F006D9563 /* NetworkManager.swift */ = {isa = PBXFileReference; lastKnownFileType = sourcecode.swift; path = NetworkManager.swift; sourceTree = "<group>"; };
		436708B42413D458006D9563 /* MainCustomTableViewCell.swift */ = {isa = PBXFileReference; lastKnownFileType = sourcecode.swift; path = MainCustomTableViewCell.swift; sourceTree = "<group>"; };
		436708B52413D458006D9563 /* MainCustomTableViewCell.xib */ = {isa = PBXFileReference; lastKnownFileType = file.xib; path = MainCustomTableViewCell.xib; sourceTree = "<group>"; };
		436708B82413D47A006D9563 /* ClassNaming.swift */ = {isa = PBXFileReference; lastKnownFileType = sourcecode.swift; path = ClassNaming.swift; sourceTree = "<group>"; };
		436708BA2413D735006D9563 /* Constants.swift */ = {isa = PBXFileReference; lastKnownFileType = sourcecode.swift; path = Constants.swift; sourceTree = "<group>"; };
		436708BC2413D898006D9563 /* UserModel.swift */ = {isa = PBXFileReference; lastKnownFileType = sourcecode.swift; path = UserModel.swift; sourceTree = "<group>"; };
		43AB9F832413F8600099B911 /* ImageLoader.swift */ = {isa = PBXFileReference; lastKnownFileType = sourcecode.swift; path = ImageLoader.swift; sourceTree = "<group>"; };
		43AB9F862413FD2A0099B911 /* UserInfoViewController.swift */ = {isa = PBXFileReference; lastKnownFileType = sourcecode.swift; path = UserInfoViewController.swift; sourceTree = "<group>"; };
		43AB9F872413FD2A0099B911 /* UserInfoViewController.xib */ = {isa = PBXFileReference; lastKnownFileType = file.xib; path = UserInfoViewController.xib; sourceTree = "<group>"; };
/* End PBXFileReference section */

/* Begin PBXFrameworksBuildPhase section */
		436708902413CC62006D9563 /* Frameworks */ = {
			isa = PBXFrameworksBuildPhase;
			buildActionMask = 2147483647;
			files = (
				43AB9F822413F82D0099B911 /* SDWebImage in Frameworks */,
			);
			runOnlyForDeploymentPostprocessing = 0;
		};
/* End PBXFrameworksBuildPhase section */

/* Begin PBXGroup section */
		4311EA0A2415391D003462F8 /* Extentions */ = {
			isa = PBXGroup;
			children = (
				4311EA082415390F003462F8 /* UIViewController+Extentions.swift */,
			);
			path = Extentions;
			sourceTree = "<group>";
		};
		4367088A2413CC62006D9563 = {
			isa = PBXGroup;
			children = (
				436708952413CC62006D9563 /* RandomUser */,
				436708942413CC62006D9563 /* Products */,
			);
			sourceTree = "<group>";
		};
		436708942413CC62006D9563 /* Products */ = {
			isa = PBXGroup;
			children = (
				436708932413CC62006D9563 /* RandomUser.app */,
			);
			name = Products;
			sourceTree = "<group>";
		};
		436708952413CC62006D9563 /* RandomUser */ = {
			isa = PBXGroup;
			children = (
				4373F1F724153616000B7826 /* AppDelegate */,
				43B18EE6241537890093C230 /* Constants */,
				4311EA0A2415391D003462F8 /* Extentions */,
				43B18EE7241537950093C230 /* Models */,
				43B18EE52415377A0093C230 /* Protocols */,
				43B18EE32415369C0093C230 /* Resources */,
				43B18EE42415374C0093C230 /* Services */,
				4373F1F624153601000B7826 /* UI */,
			);
			path = RandomUser;
			sourceTree = "<group>";
		};
		436708AA2413CF92006D9563 /* MainVC */ = {
			isa = PBXGroup;
			children = (
				436708B32413D433006D9563 /* CustomCell */,
				436708AB2413CFA2006D9563 /* MainViewController.swift */,
				436708AC2413CFA2006D9563 /* MainViewController.xib */,
			);
			path = MainVC;
			sourceTree = "<group>";
		};
		436708B32413D433006D9563 /* CustomCell */ = {
			isa = PBXGroup;
			children = (
				436708B42413D458006D9563 /* MainCustomTableViewCell.swift */,
				436708B52413D458006D9563 /* MainCustomTableViewCell.xib */,
			);
			path = CustomCell;
			sourceTree = "<group>";
		};
		4373F1F624153601000B7826 /* UI */ = {
			isa = PBXGroup;
			children = (
				43AB9F852413FD0B0099B911 /* UserInfoViewController */,
				436708AA2413CF92006D9563 /* MainVC */,
			);
			path = UI;
			sourceTree = "<group>";
		};
		4373F1F724153616000B7826 /* AppDelegate */ = {
			isa = PBXGroup;
			children = (
				436708962413CC62006D9563 /* AppDelegate.swift */,
				436708982413CC62006D9563 /* SceneDelegate.swift */,
			);
			path = AppDelegate;
			sourceTree = "<group>";
		};
		43AB9F852413FD0B0099B911 /* UserInfoViewController */ = {
			isa = PBXGroup;
			children = (
				43AB9F862413FD2A0099B911 /* UserInfoViewController.swift */,
				43AB9F872413FD2A0099B911 /* UserInfoViewController.xib */,
			);
			path = UserInfoViewController;
			sourceTree = "<group>";
		};
		43B18EE32415369C0093C230 /* Resources */ = {
			isa = PBXGroup;
			children = (
				4367089F2413CC64006D9563 /* Assets.xcassets */,
				436708A12413CC64006D9563 /* LaunchScreen.storyboard */,
				436708A42413CC64006D9563 /* Info.plist */,
			);
			path = Resources;
			sourceTree = "<group>";
		};
		43B18EE42415374C0093C230 /* Services */ = {
			isa = PBXGroup;
			children = (
				436708B12413D15F006D9563 /* NetworkManager.swift */,
				43AB9F832413F8600099B911 /* ImageLoader.swift */,
			);
			path = Services;
			sourceTree = "<group>";
		};
		43B18EE52415377A0093C230 /* Protocols */ = {
			isa = PBXGroup;
			children = (
				436708B82413D47A006D9563 /* ClassNaming.swift */,
			);
			path = Protocols;
			sourceTree = "<group>";
		};
		43B18EE6241537890093C230 /* Constants */ = {
			isa = PBXGroup;
			children = (
				436708BA2413D735006D9563 /* Constants.swift */,
			);
			path = Constants;
			sourceTree = "<group>";
		};
		43B18EE7241537950093C230 /* Models */ = {
			isa = PBXGroup;
			children = (
				436708BC2413D898006D9563 /* UserModel.swift */,
			);
			path = Models;
			sourceTree = "<group>";
		};
/* End PBXGroup section */

/* Begin PBXNativeTarget section */
		436708922413CC62006D9563 /* RandomUser */ = {
			isa = PBXNativeTarget;
			buildConfigurationList = 436708A72413CC64006D9563 /* Build configuration list for PBXNativeTarget "RandomUser" */;
			buildPhases = (
				4367088F2413CC62006D9563 /* Sources */,
				436708902413CC62006D9563 /* Frameworks */,
				436708912413CC62006D9563 /* Resources */,
			);
			buildRules = (
			);
			dependencies = (
			);
			name = RandomUser;
			packageProductDependencies = (
				43AB9F812413F82D0099B911 /* SDWebImage */,
			);
			productName = RandomUser;
			productReference = 436708932413CC62006D9563 /* RandomUser.app */;
			productType = "com.apple.product-type.application";
		};
/* End PBXNativeTarget section */

/* Begin PBXProject section */
		4367088B2413CC62006D9563 /* Project object */ = {
			isa = PBXProject;
			attributes = {
				LastSwiftUpdateCheck = 1130;
				LastUpgradeCheck = 1130;
				ORGANIZATIONNAME = "Arsenkin Bogdan";
				TargetAttributes = {
					436708922413CC62006D9563 = {
						CreatedOnToolsVersion = 11.3.1;
					};
				};
			};
			buildConfigurationList = 4367088E2413CC62006D9563 /* Build configuration list for PBXProject "RandomUser" */;
			compatibilityVersion = "Xcode 9.3";
			developmentRegion = en;
			hasScannedForEncodings = 0;
			knownRegions = (
				en,
				Base,
			);
			mainGroup = 4367088A2413CC62006D9563;
			packageReferences = (
				43AB9F802413F82D0099B911 /* XCRemoteSwiftPackageReference "SDWebImage" */,
			);
			productRefGroup = 436708942413CC62006D9563 /* Products */;
			projectDirPath = "";
			projectRoot = "";
			targets = (
				436708922413CC62006D9563 /* RandomUser */,
			);
		};
/* End PBXProject section */

/* Begin PBXResourcesBuildPhase section */
		436708912413CC62006D9563 /* Resources */ = {
			isa = PBXResourcesBuildPhase;
			buildActionMask = 2147483647;
			files = (
				436708A32413CC64006D9563 /* LaunchScreen.storyboard in Resources */,
				436708AE2413CFA2006D9563 /* MainViewController.xib in Resources */,
				43AB9F892413FD2A0099B911 /* UserInfoViewController.xib in Resources */,
				436708A02413CC64006D9563 /* Assets.xcassets in Resources */,
				436708B72413D458006D9563 /* MainCustomTableViewCell.xib in Resources */,
			);
			runOnlyForDeploymentPostprocessing = 0;
		};
/* End PBXResourcesBuildPhase section */

/* Begin PBXSourcesBuildPhase section */
		4367088F2413CC62006D9563 /* Sources */ = {
			isa = PBXSourcesBuildPhase;
			buildActionMask = 2147483647;
			files = (
				436708AD2413CFA2006D9563 /* MainViewController.swift in Sources */,
				436708972413CC62006D9563 /* AppDelegate.swift in Sources */,
				43AB9F842413F8600099B911 /* ImageLoader.swift in Sources */,
				436708B22413D15F006D9563 /* NetworkManager.swift in Sources */,
				436708B92413D47A006D9563 /* ClassNaming.swift in Sources */,
				43AB9F882413FD2A0099B911 /* UserInfoViewController.swift in Sources */,
				436708992413CC62006D9563 /* SceneDelegate.swift in Sources */,
				4311EA092415390F003462F8 /* UIViewController+Extentions.swift in Sources */,
				436708B62413D458006D9563 /* MainCustomTableViewCell.swift in Sources */,
				436708BD2413D898006D9563 /* UserModel.swift in Sources */,
				436708BB2413D735006D9563 /* Constants.swift in Sources */,
			);
			runOnlyForDeploymentPostprocessing = 0;
		};
/* End PBXSourcesBuildPhase section */

/* Begin PBXVariantGroup section */
		436708A12413CC64006D9563 /* LaunchScreen.storyboard */ = {
			isa = PBXVariantGroup;
			children = (
				436708A22413CC64006D9563 /* Base */,
			);
			name = LaunchScreen.storyboard;
			sourceTree = "<group>";
		};
/* End PBXVariantGroup section */

/* Begin XCBuildConfiguration section */
		436708A52413CC64006D9563 /* Debug */ = {
			isa = XCBuildConfiguration;
			buildSettings = {
				ALWAYS_SEARCH_USER_PATHS = NO;
				CLANG_ANALYZER_NONNULL = YES;
				CLANG_ANALYZER_NUMBER_OBJECT_CONVERSION = YES_AGGRESSIVE;
				CLANG_CXX_LANGUAGE_STANDARD = "gnu++14";
				CLANG_CXX_LIBRARY = "libc++";
				CLANG_ENABLE_MODULES = YES;
				CLANG_ENABLE_OBJC_ARC = YES;
				CLANG_ENABLE_OBJC_WEAK = YES;
				CLANG_WARN_BLOCK_CAPTURE_AUTORELEASING = YES;
				CLANG_WARN_BOOL_CONVERSION = YES;
				CLANG_WARN_COMMA = YES;
				CLANG_WARN_CONSTANT_CONVERSION = YES;
				CLANG_WARN_DEPRECATED_OBJC_IMPLEMENTATIONS = YES;
				CLANG_WARN_DIRECT_OBJC_ISA_USAGE = YES_ERROR;
				CLANG_WARN_DOCUMENTATION_COMMENTS = YES;
				CLANG_WARN_EMPTY_BODY = YES;
				CLANG_WARN_ENUM_CONVERSION = YES;
				CLANG_WARN_INFINITE_RECURSION = YES;
				CLANG_WARN_INT_CONVERSION = YES;
				CLANG_WARN_NON_LITERAL_NULL_CONVERSION = YES;
				CLANG_WARN_OBJC_IMPLICIT_RETAIN_SELF = YES;
				CLANG_WARN_OBJC_LITERAL_CONVERSION = YES;
				CLANG_WARN_OBJC_ROOT_CLASS = YES_ERROR;
				CLANG_WARN_RANGE_LOOP_ANALYSIS = YES;
				CLANG_WARN_STRICT_PROTOTYPES = YES;
				CLANG_WARN_SUSPICIOUS_MOVE = YES;
				CLANG_WARN_UNGUARDED_AVAILABILITY = YES_AGGRESSIVE;
				CLANG_WARN_UNREACHABLE_CODE = YES;
				CLANG_WARN__DUPLICATE_METHOD_MATCH = YES;
				COPY_PHASE_STRIP = NO;
				DEBUG_INFORMATION_FORMAT = dwarf;
				ENABLE_STRICT_OBJC_MSGSEND = YES;
				ENABLE_TESTABILITY = YES;
				GCC_C_LANGUAGE_STANDARD = gnu11;
				GCC_DYNAMIC_NO_PIC = NO;
				GCC_NO_COMMON_BLOCKS = YES;
				GCC_OPTIMIZATION_LEVEL = 0;
				GCC_PREPROCESSOR_DEFINITIONS = (
					"DEBUG=1",
					"$(inherited)",
				);
				GCC_WARN_64_TO_32_BIT_CONVERSION = YES;
				GCC_WARN_ABOUT_RETURN_TYPE = YES_ERROR;
				GCC_WARN_UNDECLARED_SELECTOR = YES;
				GCC_WARN_UNINITIALIZED_AUTOS = YES_AGGRESSIVE;
				GCC_WARN_UNUSED_FUNCTION = YES;
				GCC_WARN_UNUSED_VARIABLE = YES;
				IPHONEOS_DEPLOYMENT_TARGET = 13.2;
				MTL_ENABLE_DEBUG_INFO = INCLUDE_SOURCE;
				MTL_FAST_MATH = YES;
				ONLY_ACTIVE_ARCH = YES;
				SDKROOT = iphoneos;
				SWIFT_ACTIVE_COMPILATION_CONDITIONS = DEBUG;
				SWIFT_OPTIMIZATION_LEVEL = "-Onone";
			};
			name = Debug;
		};
		436708A62413CC64006D9563 /* Release */ = {
			isa = XCBuildConfiguration;
			buildSettings = {
				ALWAYS_SEARCH_USER_PATHS = NO;
				CLANG_ANALYZER_NONNULL = YES;
				CLANG_ANALYZER_NUMBER_OBJECT_CONVERSION = YES_AGGRESSIVE;
				CLANG_CXX_LANGUAGE_STANDARD = "gnu++14";
				CLANG_CXX_LIBRARY = "libc++";
				CLANG_ENABLE_MODULES = YES;
				CLANG_ENABLE_OBJC_ARC = YES;
				CLANG_ENABLE_OBJC_WEAK = YES;
				CLANG_WARN_BLOCK_CAPTURE_AUTORELEASING = YES;
				CLANG_WARN_BOOL_CONVERSION = YES;
				CLANG_WARN_COMMA = YES;
				CLANG_WARN_CONSTANT_CONVERSION = YES;
				CLANG_WARN_DEPRECATED_OBJC_IMPLEMENTATIONS = YES;
				CLANG_WARN_DIRECT_OBJC_ISA_USAGE = YES_ERROR;
				CLANG_WARN_DOCUMENTATION_COMMENTS = YES;
				CLANG_WARN_EMPTY_BODY = YES;
				CLANG_WARN_ENUM_CONVERSION = YES;
				CLANG_WARN_INFINITE_RECURSION = YES;
				CLANG_WARN_INT_CONVERSION = YES;
				CLANG_WARN_NON_LITERAL_NULL_CONVERSION = YES;
				CLANG_WARN_OBJC_IMPLICIT_RETAIN_SELF = YES;
				CLANG_WARN_OBJC_LITERAL_CONVERSION = YES;
				CLANG_WARN_OBJC_ROOT_CLASS = YES_ERROR;
				CLANG_WARN_RANGE_LOOP_ANALYSIS = YES;
				CLANG_WARN_STRICT_PROTOTYPES = YES;
				CLANG_WARN_SUSPICIOUS_MOVE = YES;
				CLANG_WARN_UNGUARDED_AVAILABILITY = YES_AGGRESSIVE;
				CLANG_WARN_UNREACHABLE_CODE = YES;
				CLANG_WARN__DUPLICATE_METHOD_MATCH = YES;
				COPY_PHASE_STRIP = NO;
				DEBUG_INFORMATION_FORMAT = "dwarf-with-dsym";
				ENABLE_NS_ASSERTIONS = NO;
				ENABLE_STRICT_OBJC_MSGSEND = YES;
				GCC_C_LANGUAGE_STANDARD = gnu11;
				GCC_NO_COMMON_BLOCKS = YES;
				GCC_WARN_64_TO_32_BIT_CONVERSION = YES;
				GCC_WARN_ABOUT_RETURN_TYPE = YES_ERROR;
				GCC_WARN_UNDECLARED_SELECTOR = YES;
				GCC_WARN_UNINITIALIZED_AUTOS = YES_AGGRESSIVE;
				GCC_WARN_UNUSED_FUNCTION = YES;
				GCC_WARN_UNUSED_VARIABLE = YES;
				IPHONEOS_DEPLOYMENT_TARGET = 13.2;
				MTL_ENABLE_DEBUG_INFO = NO;
				MTL_FAST_MATH = YES;
				SDKROOT = iphoneos;
				SWIFT_COMPILATION_MODE = wholemodule;
				SWIFT_OPTIMIZATION_LEVEL = "-O";
				VALIDATE_PRODUCT = YES;
			};
			name = Release;
		};
		436708A82413CC64006D9563 /* Debug */ = {
			isa = XCBuildConfiguration;
			buildSettings = {
				ASSETCATALOG_COMPILER_APPICON_NAME = AppIcon;
				CODE_SIGN_STYLE = Automatic;
				DEVELOPMENT_TEAM = R7UFNAWC4M;
				INFOPLIST_FILE = RandomUser/Resources/Info.plist;
				LD_RUNPATH_SEARCH_PATHS = (
					"$(inherited)",
					"@executable_path/Frameworks",
				);
				PRODUCT_BUNDLE_IDENTIFIER = com.ArsenkinBogdan.RandomUser;
				PRODUCT_NAME = "$(TARGET_NAME)";
				SWIFT_VERSION = 5.0;
				TARGETED_DEVICE_FAMILY = "1,2";
			};
			name = Debug;
		};
		436708A92413CC64006D9563 /* Release */ = {
			isa = XCBuildConfiguration;
			buildSettings = {
				ASSETCATALOG_COMPILER_APPICON_NAME = AppIcon;
				CODE_SIGN_STYLE = Automatic;
				DEVELOPMENT_TEAM = R7UFNAWC4M;
				INFOPLIST_FILE = RandomUser/Resources/Info.plist;
				LD_RUNPATH_SEARCH_PATHS = (
					"$(inherited)",
					"@executable_path/Frameworks",
				);
				PRODUCT_BUNDLE_IDENTIFIER = com.ArsenkinBogdan.RandomUser;
				PRODUCT_NAME = "$(TARGET_NAME)";
				SWIFT_VERSION = 5.0;
				TARGETED_DEVICE_FAMILY = "1,2";
			};
			name = Release;
		};
/* End XCBuildConfiguration section */

/* Begin XCConfigurationList section */
		4367088E2413CC62006D9563 /* Build configuration list for PBXProject "RandomUser" */ = {
			isa = XCConfigurationList;
			buildConfigurations = (
				436708A52413CC64006D9563 /* Debug */,
				436708A62413CC64006D9563 /* Release */,
			);
			defaultConfigurationIsVisible = 0;
			defaultConfigurationName = Release;
		};
		436708A72413CC64006D9563 /* Build configuration list for PBXNativeTarget "RandomUser" */ = {
			isa = XCConfigurationList;
			buildConfigurations = (
				436708A82413CC64006D9563 /* Debug */,
				436708A92413CC64006D9563 /* Release */,
			);
			defaultConfigurationIsVisible = 0;
			defaultConfigurationName = Release;
		};
/* End XCConfigurationList section */

/* Begin XCRemoteSwiftPackageReference section */
		43AB9F802413F82D0099B911 /* XCRemoteSwiftPackageReference "SDWebImage" */ = {
			isa = XCRemoteSwiftPackageReference;
			repositoryURL = "https://github.com/SDWebImage/SDWebImage";
			requirement = {
				kind = upToNextMajorVersion;
				minimumVersion = 5.6.0;
			};
		};
/* End XCRemoteSwiftPackageReference section */

/* Begin XCSwiftPackageProductDependency section */
		43AB9F812413F82D0099B911 /* SDWebImage */ = {
			isa = XCSwiftPackageProductDependency;
			package = 43AB9F802413F82D0099B911 /* XCRemoteSwiftPackageReference "SDWebImage" */;
			productName = SDWebImage;
		};
/* End XCSwiftPackageProductDependency section */
	};
	rootObject = 4367088B2413CC62006D9563 /* Project object */;
}
